// !$*UTF8*$!
{
	archiveVersion = 1;
	classes = {
	};
	objectVersion = 50;
	objects = {

/* Begin PBXBuildFile section */
		717F1F7B26A602E100749374 /* AppDelegate.swift in Sources */ = {isa = PBXBuildFile; fileRef = 717F1F7A26A602E100749374 /* AppDelegate.swift */; };
		717F1F7D26A602E100749374 /* SceneDelegate.swift in Sources */ = {isa = PBXBuildFile; fileRef = 717F1F7C26A602E100749374 /* SceneDelegate.swift */; };
		717F1F7F26A602E100749374 /* ViewController.swift in Sources */ = {isa = PBXBuildFile; fileRef = 717F1F7E26A602E100749374 /* ViewController.swift */; };
		717F1F8226A602E100749374 /* Main.storyboard in Resources */ = {isa = PBXBuildFile; fileRef = 717F1F8026A602E100749374 /* Main.storyboard */; };
		717F1F8526A602E100749374 /* ToDoListApp.xcdatamodeld in Sources */ = {isa = PBXBuildFile; fileRef = 717F1F8326A602E100749374 /* ToDoListApp.xcdatamodeld */; };
		717F1F8726A602E200749374 /* Assets.xcassets in Resources */ = {isa = PBXBuildFile; fileRef = 717F1F8626A602E200749374 /* Assets.xcassets */; };
		717F1F8A26A602E200749374 /* LaunchScreen.storyboard in Resources */ = {isa = PBXBuildFile; fileRef = 717F1F8826A602E200749374 /* LaunchScreen.storyboard */; };
		717F1F9526A602E300749374 /* ToDoListAppTests.swift in Sources */ = {isa = PBXBuildFile; fileRef = 717F1F9426A602E300749374 /* ToDoListAppTests.swift */; };
		717F1FA026A602E300749374 /* ToDoListAppUITests.swift in Sources */ = {isa = PBXBuildFile; fileRef = 717F1F9F26A602E300749374 /* ToDoListAppUITests.swift */; };
		717F1FAE26A604ED00749374 /* ToDoTableViewController.swift in Sources */ = {isa = PBXBuildFile; fileRef = 717F1FAD26A604ED00749374 /* ToDoTableViewController.swift */; };
		717F1FB026A6057B00749374 /* ToDo.swift in Sources */ = {isa = PBXBuildFile; fileRef = 717F1FAF26A6057B00749374 /* ToDo.swift */; };
		717F1FB226A629CC00749374 /* AddToDoViewController.swift in Sources */ = {isa = PBXBuildFile; fileRef = 717F1FB126A629CC00749374 /* AddToDoViewController.swift */; };
		717F1FB426A730CB00749374 /* CompleteToDoViewController.swift in Sources */ = {isa = PBXBuildFile; fileRef = 717F1FB326A730CB00749374 /* CompleteToDoViewController.swift */; };
/* End PBXBuildFile section */

/* Begin PBXContainerItemProxy section */
		717F1F9126A602E300749374 /* PBXContainerItemProxy */ = {
			isa = PBXContainerItemProxy;
			containerPortal = 717F1F6F26A602E100749374 /* Project object */;
			proxyType = 1;
			remoteGlobalIDString = 717F1F7626A602E100749374;
			remoteInfo = ToDoListApp;
		};
		717F1F9C26A602E300749374 /* PBXContainerItemProxy */ = {
			isa = PBXContainerItemProxy;
			containerPortal = 717F1F6F26A602E100749374 /* Project object */;
			proxyType = 1;
			remoteGlobalIDString = 717F1F7626A602E100749374;
			remoteInfo = ToDoListApp;
		};
/* End PBXContainerItemProxy section */

/* Begin PBXFileReference section */
		717F1F7726A602E100749374 /* ToDoListApp.app */ = {isa = PBXFileReference; explicitFileType = wrapper.application; includeInIndex = 0; path = ToDoListApp.app; sourceTree = BUILT_PRODUCTS_DIR; };
		717F1F7A26A602E100749374 /* AppDelegate.swift */ = {isa = PBXFileReference; lastKnownFileType = sourcecode.swift; path = AppDelegate.swift; sourceTree = "<group>"; };
		717F1F7C26A602E100749374 /* SceneDelegate.swift */ = {isa = PBXFileReference; lastKnownFileType = sourcecode.swift; path = SceneDelegate.swift; sourceTree = "<group>"; };
		717F1F7E26A602E100749374 /* ViewController.swift */ = {isa = PBXFileReference; lastKnownFileType = sourcecode.swift; path = ViewController.swift; sourceTree = "<group>"; };
		717F1F8126A602E100749374 /* Base */ = {isa = PBXFileReference; lastKnownFileType = file.storyboard; name = Base; path = Base.lproj/Main.storyboard; sourceTree = "<group>"; };
		717F1F8426A602E100749374 /* ToDoListApp.xcdatamodel */ = {isa = PBXFileReference; lastKnownFileType = wrapper.xcdatamodel; path = ToDoListApp.xcdatamodel; sourceTree = "<group>"; };
		717F1F8626A602E200749374 /* Assets.xcassets */ = {isa = PBXFileReference; lastKnownFileType = folder.assetcatalog; path = Assets.xcassets; sourceTree = "<group>"; };
		717F1F8926A602E200749374 /* Base */ = {isa = PBXFileReference; lastKnownFileType = file.storyboard; name = Base; path = Base.lproj/LaunchScreen.storyboard; sourceTree = "<group>"; };
		717F1F8B26A602E200749374 /* Info.plist */ = {isa = PBXFileReference; lastKnownFileType = text.plist.xml; path = Info.plist; sourceTree = "<group>"; };
		717F1F9026A602E300749374 /* ToDoListAppTests.xctest */ = {isa = PBXFileReference; explicitFileType = wrapper.cfbundle; includeInIndex = 0; path = ToDoListAppTests.xctest; sourceTree = BUILT_PRODUCTS_DIR; };
		717F1F9426A602E300749374 /* ToDoListAppTests.swift */ = {isa = PBXFileReference; lastKnownFileType = sourcecode.swift; path = ToDoListAppTests.swift; sourceTree = "<group>"; };
		717F1F9626A602E300749374 /* Info.plist */ = {isa = PBXFileReference; lastKnownFileType = text.plist.xml; path = Info.plist; sourceTree = "<group>"; };
		717F1F9B26A602E300749374 /* ToDoListAppUITests.xctest */ = {isa = PBXFileReference; explicitFileType = wrapper.cfbundle; includeInIndex = 0; path = ToDoListAppUITests.xctest; sourceTree = BUILT_PRODUCTS_DIR; };
		717F1F9F26A602E300749374 /* ToDoListAppUITests.swift */ = {isa = PBXFileReference; lastKnownFileType = sourcecode.swift; path = ToDoListAppUITests.swift; sourceTree = "<group>"; };
		717F1FA126A602E300749374 /* Info.plist */ = {isa = PBXFileReference; lastKnownFileType = text.plist.xml; path = Info.plist; sourceTree = "<group>"; };
		717F1FAD26A604ED00749374 /* ToDoTableViewController.swift */ = {isa = PBXFileReference; lastKnownFileType = sourcecode.swift; path = ToDoTableViewController.swift; sourceTree = "<group>"; };
		717F1FAF26A6057B00749374 /* ToDo.swift */ = {isa = PBXFileReference; lastKnownFileType = sourcecode.swift; path = ToDo.swift; sourceTree = "<group>"; };
		717F1FB126A629CC00749374 /* AddToDoViewController.swift */ = {isa = PBXFileReference; lastKnownFileType = sourcecode.swift; path = AddToDoViewController.swift; sourceTree = "<group>"; };
		717F1FB326A730CB00749374 /* CompleteToDoViewController.swift */ = {isa = PBXFileReference; lastKnownFileType = sourcecode.swift; path = CompleteToDoViewController.swift; sourceTree = "<group>"; };
/* End PBXFileReference section */

/* Begin PBXFrameworksBuildPhase section */
		717F1F7426A602E100749374 /* Frameworks */ = {
			isa = PBXFrameworksBuildPhase;
			buildActionMask = 2147483647;
			files = (
			);
			runOnlyForDeploymentPostprocessing = 0;
		};
		717F1F8D26A602E300749374 /* Frameworks */ = {
			isa = PBXFrameworksBuildPhase;
			buildActionMask = 2147483647;
			files = (
			);
			runOnlyForDeploymentPostprocessing = 0;
		};
		717F1F9826A602E300749374 /* Frameworks */ = {
			isa = PBXFrameworksBuildPhase;
			buildActionMask = 2147483647;
			files = (
			);
			runOnlyForDeploymentPostprocessing = 0;
		};
/* End PBXFrameworksBuildPhase section */

/* Begin PBXGroup section */
		717F1F6E26A602E100749374 = {
			isa = PBXGroup;
			children = (
				717F1F7926A602E100749374 /* ToDoListApp */,
				717F1F9326A602E300749374 /* ToDoListAppTests */,
				717F1F9E26A602E300749374 /* ToDoListAppUITests */,
				717F1F7826A602E100749374 /* Products */,
			);
			sourceTree = "<group>";
		};
		717F1F7826A602E100749374 /* Products */ = {
			isa = PBXGroup;
			children = (
				717F1F7726A602E100749374 /* ToDoListApp.app */,
				717F1F9026A602E300749374 /* ToDoListAppTests.xctest */,
				717F1F9B26A602E300749374 /* ToDoListAppUITests.xctest */,
			);
			name = Products;
			sourceTree = "<group>";
		};
		717F1F7926A602E100749374 /* ToDoListApp */ = {
			isa = PBXGroup;
			children = (
				717F1F7A26A602E100749374 /* AppDelegate.swift */,
				717F1F7C26A602E100749374 /* SceneDelegate.swift */,
				717F1F7E26A602E100749374 /* ViewController.swift */,
				717F1F8026A602E100749374 /* Main.storyboard */,
				717F1F8626A602E200749374 /* Assets.xcassets */,
				717F1F8826A602E200749374 /* LaunchScreen.storyboard */,
				717F1F8B26A602E200749374 /* Info.plist */,
				717F1F8326A602E100749374 /* ToDoListApp.xcdatamodeld */,
				717F1FAD26A604ED00749374 /* ToDoTableViewController.swift */,
				717F1FAF26A6057B00749374 /* ToDo.swift */,
				717F1FB126A629CC00749374 /* AddToDoViewController.swift */,
				717F1FB326A730CB00749374 /* CompleteToDoViewController.swift */,
			);
			path = ToDoListApp;
			sourceTree = "<group>";
		};
		717F1F9326A602E300749374 /* ToDoListAppTests */ = {
			isa = PBXGroup;
			children = (
				717F1F9426A602E300749374 /* ToDoListAppTests.swift */,
				717F1F9626A602E300749374 /* Info.plist */,
			);
			path = ToDoListAppTests;
			sourceTree = "<group>";
		};
		717F1F9E26A602E300749374 /* ToDoListAppUITests */ = {
			isa = PBXGroup;
			children = (
				717F1F9F26A602E300749374 /* ToDoListAppUITests.swift */,
				717F1FA126A602E300749374 /* Info.plist */,
			);
			path = ToDoListAppUITests;
			sourceTree = "<group>";
		};
/* End PBXGroup section */

/* Begin PBXNativeTarget section */
		717F1F7626A602E100749374 /* ToDoListApp */ = {
			isa = PBXNativeTarget;
			buildConfigurationList = 717F1FA426A602E300749374 /* Build configuration list for PBXNativeTarget "ToDoListApp" */;
			buildPhases = (
				717F1F7326A602E100749374 /* Sources */,
				717F1F7426A602E100749374 /* Frameworks */,
				717F1F7526A602E100749374 /* Resources */,
			);
			buildRules = (
			);
			dependencies = (
			);
			name = ToDoListApp;
			productName = ToDoListApp;
			productReference = 717F1F7726A602E100749374 /* ToDoListApp.app */;
			productType = "com.apple.product-type.application";
		};
		717F1F8F26A602E300749374 /* ToDoListAppTests */ = {
			isa = PBXNativeTarget;
			buildConfigurationList = 717F1FA726A602E300749374 /* Build configuration list for PBXNativeTarget "ToDoListAppTests" */;
			buildPhases = (
				717F1F8C26A602E300749374 /* Sources */,
				717F1F8D26A602E300749374 /* Frameworks */,
				717F1F8E26A602E300749374 /* Resources */,
			);
			buildRules = (
			);
			dependencies = (
				717F1F9226A602E300749374 /* PBXTargetDependency */,
			);
			name = ToDoListAppTests;
			productName = ToDoListAppTests;
			productReference = 717F1F9026A602E300749374 /* ToDoListAppTests.xctest */;
			productType = "com.apple.product-type.bundle.unit-test";
		};
		717F1F9A26A602E300749374 /* ToDoListAppUITests */ = {
			isa = PBXNativeTarget;
			buildConfigurationList = 717F1FAA26A602E300749374 /* Build configuration list for PBXNativeTarget "ToDoListAppUITests" */;
			buildPhases = (
				717F1F9726A602E300749374 /* Sources */,
				717F1F9826A602E300749374 /* Frameworks */,
				717F1F9926A602E300749374 /* Resources */,
			);
			buildRules = (
			);
			dependencies = (
				717F1F9D26A602E300749374 /* PBXTargetDependency */,
			);
			name = ToDoListAppUITests;
			productName = ToDoListAppUITests;
			productReference = 717F1F9B26A602E300749374 /* ToDoListAppUITests.xctest */;
			productType = "com.apple.product-type.bundle.ui-testing";
		};
/* End PBXNativeTarget section */

/* Begin PBXProject section */
		717F1F6F26A602E100749374 /* Project object */ = {
			isa = PBXProject;
			attributes = {
				LastSwiftUpdateCheck = 1250;
				LastUpgradeCheck = 1250;
				TargetAttributes = {
					717F1F7626A602E100749374 = {
						CreatedOnToolsVersion = 12.5.1;
					};
					717F1F8F26A602E300749374 = {
						CreatedOnToolsVersion = 12.5.1;
						TestTargetID = 717F1F7626A602E100749374;
					};
					717F1F9A26A602E300749374 = {
						CreatedOnToolsVersion = 12.5.1;
						TestTargetID = 717F1F7626A602E100749374;
					};
				};
			};
			buildConfigurationList = 717F1F7226A602E100749374 /* Build configuration list for PBXProject "ToDoListApp" */;
			compatibilityVersion = "Xcode 9.3";
			developmentRegion = en;
			hasScannedForEncodings = 0;
			knownRegions = (
				en,
				Base,
			);
			mainGroup = 717F1F6E26A602E100749374;
			productRefGroup = 717F1F7826A602E100749374 /* Products */;
			projectDirPath = "";
			projectRoot = "";
			targets = (
				717F1F7626A602E100749374 /* ToDoListApp */,
				717F1F8F26A602E300749374 /* ToDoListAppTests */,
				717F1F9A26A602E300749374 /* ToDoListAppUITests */,
			);
		};
/* End PBXProject section */

/* Begin PBXResourcesBuildPhase section */
		717F1F7526A602E100749374 /* Resources */ = {
			isa = PBXResourcesBuildPhase;
			buildActionMask = 2147483647;
			files = (
				717F1F8A26A602E200749374 /* LaunchScreen.storyboard in Resources */,
				717F1F8726A602E200749374 /* Assets.xcassets in Resources */,
				717F1F8226A602E100749374 /* Main.storyboard in Resources */,
			);
			runOnlyForDeploymentPostprocessing = 0;
		};
		717F1F8E26A602E300749374 /* Resources */ = {
			isa = PBXResourcesBuildPhase;
			buildActionMask = 2147483647;
			files = (
			);
			runOnlyForDeploymentPostprocessing = 0;
		};
		717F1F9926A602E300749374 /* Resources */ = {
			isa = PBXResourcesBuildPhase;
			buildActionMask = 2147483647;
			files = (
			);
			runOnlyForDeploymentPostprocessing = 0;
		};
/* End PBXResourcesBuildPhase section */

/* Begin PBXSourcesBuildPhase section */
		717F1F7326A602E100749374 /* Sources */ = {
			isa = PBXSourcesBuildPhase;
			buildActionMask = 2147483647;
			files = (
				717F1F7F26A602E100749374 /* ViewController.swift in Sources */,
				717F1F7B26A602E100749374 /* AppDelegate.swift in Sources */,
				717F1FB426A730CB00749374 /* CompleteToDoViewController.swift in Sources */,
				717F1F7D26A602E100749374 /* SceneDelegate.swift in Sources */,
				717F1FB026A6057B00749374 /* ToDo.swift in Sources */,
				717F1FB226A629CC00749374 /* AddToDoViewController.swift in Sources */,
				717F1F8526A602E100749374 /* ToDoListApp.xcdatamodeld in Sources */,
				717F1FAE26A604ED00749374 /* ToDoTableViewController.swift in Sources */,
			);
			runOnlyForDeploymentPostprocessing = 0;
		};
		717F1F8C26A602E300749374 /* Sources */ = {
			isa = PBXSourcesBuildPhase;
			buildActionMask = 2147483647;
			files = (
				717F1F9526A602E300749374 /* ToDoListAppTests.swift in Sources */,
			);
			runOnlyForDeploymentPostprocessing = 0;
		};
		717F1F9726A602E300749374 /* Sources */ = {
			isa = PBXSourcesBuildPhase;
			buildActionMask = 2147483647;
			files = (
				717F1FA026A602E300749374 /* ToDoListAppUITests.swift in Sources */,
			);
			runOnlyForDeploymentPostprocessing = 0;
		};
/* End PBXSourcesBuildPhase section */

/* Begin PBXTargetDependency section */
		717F1F9226A602E300749374 /* PBXTargetDependency */ = {
			isa = PBXTargetDependency;
			target = 717F1F7626A602E100749374 /* ToDoListApp */;
			targetProxy = 717F1F9126A602E300749374 /* PBXContainerItemProxy */;
		};
		717F1F9D26A602E300749374 /* PBXTargetDependency */ = {
			isa = PBXTargetDependency;
			target = 717F1F7626A602E100749374 /* ToDoListApp */;
			targetProxy = 717F1F9C26A602E300749374 /* PBXContainerItemProxy */;
		};
/* End PBXTargetDependency section */

/* Begin PBXVariantGroup section */
		717F1F8026A602E100749374 /* Main.storyboard */ = {
			isa = PBXVariantGroup;
			children = (
				717F1F8126A602E100749374 /* Base */,
			);
			name = Main.storyboard;
			sourceTree = "<group>";
		};
		717F1F8826A602E200749374 /* LaunchScreen.storyboard */ = {
			isa = PBXVariantGroup;
			children = (
				717F1F8926A602E200749374 /* Base */,
			);
			name = LaunchScreen.storyboard;
			sourceTree = "<group>";
		};
/* End PBXVariantGroup section */

/* Begin XCBuildConfiguration section */
		717F1FA226A602E300749374 /* Debug */ = {
			isa = XCBuildConfiguration;
			buildSettings = {
				ALWAYS_SEARCH_USER_PATHS = NO;
				CLANG_ANALYZER_NONNULL = YES;
				CLANG_ANALYZER_NUMBER_OBJECT_CONVERSION = YES_AGGRESSIVE;
				CLANG_CXX_LANGUAGE_STANDARD = "gnu++14";
				CLANG_CXX_LIBRARY = "libc++";
				CLANG_ENABLE_MODULES = YES;
				CLANG_ENABLE_OBJC_ARC = YES;
				CLANG_ENABLE_OBJC_WEAK = YES;
				CLANG_WARN_BLOCK_CAPTURE_AUTORELEASING = YES;
				CLANG_WARN_BOOL_CONVERSION = YES;
				CLANG_WARN_COMMA = YES;
				CLANG_WARN_CONSTANT_CONVERSION = YES;
				CLANG_WARN_DEPRECATED_OBJC_IMPLEMENTATIONS = YES;
				CLANG_WARN_DIRECT_OBJC_ISA_USAGE = YES_ERROR;
				CLANG_WARN_DOCUMENTATION_COMMENTS = YES;
				CLANG_WARN_EMPTY_BODY = YES;
				CLANG_WARN_ENUM_CONVERSION = YES;
				CLANG_WARN_INFINITE_RECURSION = YES;
				CLANG_WARN_INT_CONVERSION = YES;
				CLANG_WARN_NON_LITERAL_NULL_CONVERSION = YES;
				CLANG_WARN_OBJC_IMPLICIT_RETAIN_SELF = YES;
				CLANG_WARN_OBJC_LITERAL_CONVERSION = YES;
				CLANG_WARN_OBJC_ROOT_CLASS = YES_ERROR;
				CLANG_WARN_QUOTED_INCLUDE_IN_FRAMEWORK_HEADER = YES;
				CLANG_WARN_RANGE_LOOP_ANALYSIS = YES;
				CLANG_WARN_STRICT_PROTOTYPES = YES;
				CLANG_WARN_SUSPICIOUS_MOVE = YES;
				CLANG_WARN_UNGUARDED_AVAILABILITY = YES_AGGRESSIVE;
				CLANG_WARN_UNREACHABLE_CODE = YES;
				CLANG_WARN__DUPLICATE_METHOD_MATCH = YES;
				COPY_PHASE_STRIP = NO;
				DEBUG_INFORMATION_FORMAT = dwarf;
				ENABLE_STRICT_OBJC_MSGSEND = YES;
				ENABLE_TESTABILITY = YES;
				GCC_C_LANGUAGE_STANDARD = gnu11;
				GCC_DYNAMIC_NO_PIC = NO;
				GCC_NO_COMMON_BLOCKS = YES;
				GCC_OPTIMIZATION_LEVEL = 0;
				GCC_PREPROCESSOR_DEFINITIONS = (
					"DEBUG=1",
					"$(inherited)",
				);
				GCC_WARN_64_TO_32_BIT_CONVERSION = YES;
				GCC_WARN_ABOUT_RETURN_TYPE = YES_ERROR;
				GCC_WARN_UNDECLARED_SELECTOR = YES;
				GCC_WARN_UNINITIALIZED_AUTOS = YES_AGGRESSIVE;
				GCC_WARN_UNUSED_FUNCTION = YES;
				GCC_WARN_UNUSED_VARIABLE = YES;
				IPHONEOS_DEPLOYMENT_TARGET = 14.5;
				MTL_ENABLE_DEBUG_INFO = INCLUDE_SOURCE;
				MTL_FAST_MATH = YES;
				ONLY_ACTIVE_ARCH = YES;
				SDKROOT = iphoneos;
				SWIFT_ACTIVE_COMPILATION_CONDITIONS = DEBUG;
				SWIFT_OPTIMIZATION_LEVEL = "-Onone";
			};
			name = Debug;
		};
		717F1FA326A602E300749374 /* Release */ = {
			isa = XCBuildConfiguration;
			buildSettings = {
				ALWAYS_SEARCH_USER_PATHS = NO;
				CLANG_ANALYZER_NONNULL = YES;
				CLANG_ANALYZER_NUMBER_OBJECT_CONVERSION = YES_AGGRESSIVE;
				CLANG_CXX_LANGUAGE_STANDARD = "gnu++14";
				CLANG_CXX_LIBRARY = "libc++";
				CLANG_ENABLE_MODULES = YES;
				CLANG_ENABLE_OBJC_ARC = YES;
				CLANG_ENABLE_OBJC_WEAK = YES;
				CLANG_WARN_BLOCK_CAPTURE_AUTORELEASING = YES;
				CLANG_WARN_BOOL_CONVERSION = YES;
				CLANG_WARN_COMMA = YES;
				CLANG_WARN_CONSTANT_CONVERSION = YES;
				CLANG_WARN_DEPRECATED_OBJC_IMPLEMENTATIONS = YES;
				CLANG_WARN_DIRECT_OBJC_ISA_USAGE = YES_ERROR;
				CLANG_WARN_DOCUMENTATION_COMMENTS = YES;
				CLANG_WARN_EMPTY_BODY = YES;
				CLANG_WARN_ENUM_CONVERSION = YES;
				CLANG_WARN_INFINITE_RECURSION = YES;
				CLANG_WARN_INT_CONVERSION = YES;
				CLANG_WARN_NON_LITERAL_NULL_CONVERSION = YES;
				CLANG_WARN_OBJC_IMPLICIT_RETAIN_SELF = YES;
				CLANG_WARN_OBJC_LITERAL_CONVERSION = YES;
				CLANG_WARN_OBJC_ROOT_CLASS = YES_ERROR;
				CLANG_WARN_QUOTED_INCLUDE_IN_FRAMEWORK_HEADER = YES;
				CLANG_WARN_RANGE_LOOP_ANALYSIS = YES;
				CLANG_WARN_STRICT_PROTOTYPES = YES;
				CLANG_WARN_SUSPICIOUS_MOVE = YES;
				CLANG_WARN_UNGUARDED_AVAILABILITY = YES_AGGRESSIVE;
				CLANG_WARN_UNREACHABLE_CODE = YES;
				CLANG_WARN__DUPLICATE_METHOD_MATCH = YES;
				COPY_PHASE_STRIP = NO;
				DEBUG_INFORMATION_FORMAT = "dwarf-with-dsym";
				ENABLE_NS_ASSERTIONS = NO;
				ENABLE_STRICT_OBJC_MSGSEND = YES;
				GCC_C_LANGUAGE_STANDARD = gnu11;
				GCC_NO_COMMON_BLOCKS = YES;
				GCC_WARN_64_TO_32_BIT_CONVERSION = YES;
				GCC_WARN_ABOUT_RETURN_TYPE = YES_ERROR;
				GCC_WARN_UNDECLARED_SELECTOR = YES;
				GCC_WARN_UNINITIALIZED_AUTOS = YES_AGGRESSIVE;
				GCC_WARN_UNUSED_FUNCTION = YES;
				GCC_WARN_UNUSED_VARIABLE = YES;
				IPHONEOS_DEPLOYMENT_TARGET = 14.5;
				MTL_ENABLE_DEBUG_INFO = NO;
				MTL_FAST_MATH = YES;
				SDKROOT = iphoneos;
				SWIFT_COMPILATION_MODE = wholemodule;
				SWIFT_OPTIMIZATION_LEVEL = "-O";
				VALIDATE_PRODUCT = YES;
			};
			name = Release;
		};
		717F1FA526A602E300749374 /* Debug */ = {
			isa = XCBuildConfiguration;
			buildSettings = {
				ASSETCATALOG_COMPILER_APPICON_NAME = AppIcon;
				ASSETCATALOG_COMPILER_GLOBAL_ACCENT_COLOR_NAME = AccentColor;
				CODE_SIGN_STYLE = Automatic;
				INFOPLIST_FILE = ToDoListApp/Info.plist;
				LD_RUNPATH_SEARCH_PATHS = (
					"$(inherited)",
					"@executable_path/Frameworks",
				);
				PRODUCT_BUNDLE_IDENTIFIER = "kwk-2021.ToDoListApp";
				PRODUCT_NAME = "$(TARGET_NAME)";
				SWIFT_VERSION = 5.0;
				TARGETED_DEVICE_FAMILY = "1,2";
			};
			name = Debug;
		};
		717F1FA626A602E300749374 /* Release */ = {
			isa = XCBuildConfiguration;
			buildSettings = {
				ASSETCATALOG_COMPILER_APPICON_NAME = AppIcon;
				ASSETCATALOG_COMPILER_GLOBAL_ACCENT_COLOR_NAME = AccentColor;
				CODE_SIGN_STYLE = Automatic;
				INFOPLIST_FILE = ToDoListApp/Info.plist;
				LD_RUNPATH_SEARCH_PATHS = (
					"$(inherited)",
					"@executable_path/Frameworks",
				);
				PRODUCT_BUNDLE_IDENTIFIER = "kwk-2021.ToDoListApp";
				PRODUCT_NAME = "$(TARGET_NAME)";
				SWIFT_VERSION = 5.0;
				TARGETED_DEVICE_FAMILY = "1,2";
			};
			name = Release;
		};
		717F1FA826A602E300749374 /* Debug */ = {
			isa = XCBuildConfiguration;
			buildSettings = {
				ALWAYS_EMBED_SWIFT_STANDARD_LIBRARIES = YES;
				BUNDLE_LOADER = "$(TEST_HOST)";
				CODE_SIGN_STYLE = Automatic;
				INFOPLIST_FILE = ToDoListAppTests/Info.plist;
				IPHONEOS_DEPLOYMENT_TARGET = 14.5;
				LD_RUNPATH_SEARCH_PATHS = (
					"$(inherited)",
					"@executable_path/Frameworks",
					"@loader_path/Frameworks",
				);
				PRODUCT_BUNDLE_IDENTIFIER = "kwk-2021.ToDoListAppTests";
				PRODUCT_NAME = "$(TARGET_NAME)";
				SWIFT_VERSION = 5.0;
				TARGETED_DEVICE_FAMILY = "1,2";
				TEST_HOST = "$(BUILT_PRODUCTS_DIR)/ToDoListApp.app/ToDoListApp";
			};
			name = Debug;
		};
		717F1FA926A602E300749374 /* Release */ = {
			isa = XCBuildConfiguration;
			buildSettings = {
				ALWAYS_EMBED_SWIFT_STANDARD_LIBRARIES = YES;
				BUNDLE_LOADER = "$(TEST_HOST)";
				CODE_SIGN_STYLE = Automatic;
				INFOPLIST_FILE = ToDoListAppTests/Info.plist;
				IPHONEOS_DEPLOYMENT_TARGET = 14.5;
				LD_RUNPATH_SEARCH_PATHS = (
					"$(inherited)",
					"@executable_path/Frameworks",
					"@loader_path/Frameworks",
				);
				PRODUCT_BUNDLE_IDENTIFIER = "kwk-2021.ToDoListAppTests";
				PRODUCT_NAME = "$(TARGET_NAME)";
				SWIFT_VERSION = 5.0;
				TARGETED_DEVICE_FAMILY = "1,2";
				TEST_HOST = "$(BUILT_PRODUCTS_DIR)/ToDoListApp.app/ToDoListApp";
			};
			name = Release;
		};
		717F1FAB26A602E300749374 /* Debug */ = {
			isa = XCBuildConfiguration;
			buildSettings = {
				ALWAYS_EMBED_SWIFT_STANDARD_LIBRARIES = YES;
				CODE_SIGN_STYLE = Automatic;
				INFOPLIST_FILE = ToDoListAppUITests/Info.plist;
				LD_RUNPATH_SEARCH_PATHS = (
					"$(inherited)",
					"@executable_path/Frameworks",
					"@loader_path/Frameworks",
				);
				PRODUCT_BUNDLE_IDENTIFIER = "kwk-2021.ToDoListAppUITests";
				PRODUCT_NAME = "$(TARGET_NAME)";
				SWIFT_VERSION = 5.0;
				TARGETED_DEVICE_FAMILY = "1,2";
				TEST_TARGET_NAME = ToDoListApp;
			};
			name = Debug;
		};
		717F1FAC26A602E300749374 /* Release */ = {
			isa = XCBuildConfiguration;
			buildSettings = {
				ALWAYS_EMBED_SWIFT_STANDARD_LIBRARIES = YES;
				CODE_SIGN_STYLE = Automatic;
				INFOPLIST_FILE = ToDoListAppUITests/Info.plist;
				LD_RUNPATH_SEARCH_PATHS = (
					"$(inherited)",
					"@executable_path/Frameworks",
					"@loader_path/Frameworks",
				);
				PRODUCT_BUNDLE_IDENTIFIER = "kwk-2021.ToDoListAppUITests";
				PRODUCT_NAME = "$(TARGET_NAME)";
				SWIFT_VERSION = 5.0;
				TARGETED_DEVICE_FAMILY = "1,2";
				TEST_TARGET_NAME = ToDoListApp;
			};
			name = Release;
		};
/* End XCBuildConfiguration section */

/* Begin XCConfigurationList section */
		717F1F7226A602E100749374 /* Build configuration list for PBXProject "ToDoListApp" */ = {
			isa = XCConfigurationList;
			buildConfigurations = (
				717F1FA226A602E300749374 /* Debug */,
				717F1FA326A602E300749374 /* Release */,
			);
			defaultConfigurationIsVisible = 0;
			defaultConfigurationName = Release;
		};
		717F1FA426A602E300749374 /* Build configuration list for PBXNativeTarget "ToDoListApp" */ = {
			isa = XCConfigurationList;
			buildConfigurations = (
				717F1FA526A602E300749374 /* Debug */,
				717F1FA626A602E300749374 /* Release */,
			);
			defaultConfigurationIsVisible = 0;
			defaultConfigurationName = Release;
		};
		717F1FA726A602E300749374 /* Build configuration list for PBXNativeTarget "ToDoListAppTests" */ = {
			isa = XCConfigurationList;
			buildConfigurations = (
				717F1FA826A602E300749374 /* Debug */,
				717F1FA926A602E300749374 /* Release */,
			);
			defaultConfigurationIsVisible = 0;
			defaultConfigurationName = Release;
		};
		717F1FAA26A602E300749374 /* Build configuration list for PBXNativeTarget "ToDoListAppUITests" */ = {
			isa = XCConfigurationList;
			buildConfigurations = (
				717F1FAB26A602E300749374 /* Debug */,
				717F1FAC26A602E300749374 /* Release */,
			);
			defaultConfigurationIsVisible = 0;
			defaultConfigurationName = Release;
		};
/* End XCConfigurationList section */

/* Begin XCVersionGroup section */
		717F1F8326A602E100749374 /* ToDoListApp.xcdatamodeld */ = {
			isa = XCVersionGroup;
			children = (
				717F1F8426A602E100749374 /* ToDoListApp.xcdatamodel */,
			);
			currentVersion = 717F1F8426A602E100749374 /* ToDoListApp.xcdatamodel */;
			path = ToDoListApp.xcdatamodeld;
			sourceTree = "<group>";
			versionGroupType = wrapper.xcdatamodel;
		};
/* End XCVersionGroup section */
	};
	rootObject = 717F1F6F26A602E100749374 /* Project object */;
}
